// !$*UTF8*$!
{
	archiveVersion = 1;
	classes = {
	};
	objectVersion = 56;
	objects = {

/* Begin PBXBuildFile section */
		80B3AD362A9D42D700332E21 /* HeartRateTest Watch App.app in Embed Watch Content */ = {isa = PBXBuildFile; fileRef = 80B3AD352A9D42D700332E21 /* HeartRateTest Watch App.app */; settings = {ATTRIBUTES = (RemoveHeadersOnCopy, ); }; };
		80B3AD3B2A9D42D700332E21 /* HeartRateTestApp.swift in Sources */ = {isa = PBXBuildFile; fileRef = 80B3AD3A2A9D42D700332E21 /* HeartRateTestApp.swift */; };
		80B3AD3D2A9D42D700332E21 /* ContentView.swift in Sources */ = {isa = PBXBuildFile; fileRef = 80B3AD3C2A9D42D700332E21 /* ContentView.swift */; };
		80B3AD3F2A9D42D800332E21 /* Assets.xcassets in Resources */ = {isa = PBXBuildFile; fileRef = 80B3AD3E2A9D42D800332E21 /* Assets.xcassets */; };
		80B3AD422A9D42D800332E21 /* Preview Assets.xcassets in Resources */ = {isa = PBXBuildFile; fileRef = 80B3AD412A9D42D800332E21 /* Preview Assets.xcassets */; };
/* End PBXBuildFile section */

/* Begin PBXContainerItemProxy section */
		80B3AD372A9D42D700332E21 /* PBXContainerItemProxy */ = {
			isa = PBXContainerItemProxy;
			containerPortal = 80B3AD292A9D42D700332E21 /* Project object */;
			proxyType = 1;
			remoteGlobalIDString = 80B3AD342A9D42D700332E21;
			remoteInfo = "HeartRateTest Watch App";
		};
/* End PBXContainerItemProxy section */

/* Begin PBXCopyFilesBuildPhase section */
		80B3AD482A9D42D800332E21 /* Embed Watch Content */ = {
			isa = PBXCopyFilesBuildPhase;
			buildActionMask = 2147483647;
			dstPath = "$(CONTENTS_FOLDER_PATH)/Watch";
			dstSubfolderSpec = 16;
			files = (
				80B3AD362A9D42D700332E21 /* HeartRateTest Watch App.app in Embed Watch Content */,
			);
			name = "Embed Watch Content";
			runOnlyForDeploymentPostprocessing = 0;
		};
/* End PBXCopyFilesBuildPhase section */

/* Begin PBXFileReference section */
		80B3AD2F2A9D42D700332E21 /* HeartRateTest.app */ = {isa = PBXFileReference; explicitFileType = wrapper.application; includeInIndex = 0; path = HeartRateTest.app; sourceTree = BUILT_PRODUCTS_DIR; };
		80B3AD352A9D42D700332E21 /* HeartRateTest Watch App.app */ = {isa = PBXFileReference; explicitFileType = wrapper.application; includeInIndex = 0; path = "HeartRateTest Watch App.app"; sourceTree = BUILT_PRODUCTS_DIR; };
		80B3AD3A2A9D42D700332E21 /* HeartRateTestApp.swift */ = {isa = PBXFileReference; lastKnownFileType = sourcecode.swift; path = HeartRateTestApp.swift; sourceTree = "<group>"; };
		80B3AD3C2A9D42D700332E21 /* ContentView.swift */ = {isa = PBXFileReference; lastKnownFileType = sourcecode.swift; path = ContentView.swift; sourceTree = "<group>"; };
		80B3AD3E2A9D42D800332E21 /* Assets.xcassets */ = {isa = PBXFileReference; lastKnownFileType = folder.assetcatalog; path = Assets.xcassets; sourceTree = "<group>"; };
		80B3AD412A9D42D800332E21 /* Preview Assets.xcassets */ = {isa = PBXFileReference; lastKnownFileType = folder.assetcatalog; path = "Preview Assets.xcassets"; sourceTree = "<group>"; };
		80CB0BD52A9D4A8C00A6266B /* HeartRateTest Watch App.entitlements */ = {isa = PBXFileReference; lastKnownFileType = text.plist.entitlements; path = "HeartRateTest Watch App.entitlements"; sourceTree = "<group>"; };
/* End PBXFileReference section */

/* Begin PBXFrameworksBuildPhase section */
		80B3AD322A9D42D700332E21 /* Frameworks */ = {
			isa = PBXFrameworksBuildPhase;
			buildActionMask = 2147483647;
			files = (
			);
			runOnlyForDeploymentPostprocessing = 0;
		};
/* End PBXFrameworksBuildPhase section */

/* Begin PBXGroup section */
		80B3AD282A9D42D700332E21 = {
			isa = PBXGroup;
			children = (
				80B3AD392A9D42D700332E21 /* HeartRateTest Watch App */,
				80B3AD302A9D42D700332E21 /* Products */,
			);
			sourceTree = "<group>";
		};
		80B3AD302A9D42D700332E21 /* Products */ = {
			isa = PBXGroup;
			children = (
				80B3AD2F2A9D42D700332E21 /* HeartRateTest.app */,
				80B3AD352A9D42D700332E21 /* HeartRateTest Watch App.app */,
			);
			name = Products;
			sourceTree = "<group>";
		};
		80B3AD392A9D42D700332E21 /* HeartRateTest Watch App */ = {
			isa = PBXGroup;
			children = (
				80CB0BD52A9D4A8C00A6266B /* HeartRateTest Watch App.entitlements */,
				80B3AD3A2A9D42D700332E21 /* HeartRateTestApp.swift */,
				80B3AD3C2A9D42D700332E21 /* ContentView.swift */,
				80B3AD3E2A9D42D800332E21 /* Assets.xcassets */,
				80B3AD402A9D42D800332E21 /* Preview Content */,
			);
			path = "HeartRateTest Watch App";
			sourceTree = "<group>";
		};
		80B3AD402A9D42D800332E21 /* Preview Content */ = {
			isa = PBXGroup;
			children = (
				80B3AD412A9D42D800332E21 /* Preview Assets.xcassets */,
			);
			path = "Preview Content";
			sourceTree = "<group>";
		};
/* End PBXGroup section */

/* Begin PBXNativeTarget section */
		80B3AD2E2A9D42D700332E21 /* HeartRateTest */ = {
			isa = PBXNativeTarget;
			buildConfigurationList = 80B3AD492A9D42D800332E21 /* Build configuration list for PBXNativeTarget "HeartRateTest" */;
			buildPhases = (
				80B3AD2D2A9D42D700332E21 /* Resources */,
				80B3AD482A9D42D800332E21 /* Embed Watch Content */,
			);
			buildRules = (
			);
			dependencies = (
				80B3AD382A9D42D700332E21 /* PBXTargetDependency */,
			);
			name = HeartRateTest;
			productName = HeartRateTest;
			productReference = 80B3AD2F2A9D42D700332E21 /* HeartRateTest.app */;
			productType = "com.apple.product-type.application.watchapp2-container";
		};
		80B3AD342A9D42D700332E21 /* HeartRateTest Watch App */ = {
			isa = PBXNativeTarget;
			buildConfigurationList = 80B3AD452A9D42D800332E21 /* Build configuration list for PBXNativeTarget "HeartRateTest Watch App" */;
			buildPhases = (
				80B3AD312A9D42D700332E21 /* Sources */,
				80B3AD322A9D42D700332E21 /* Frameworks */,
				80B3AD332A9D42D700332E21 /* Resources */,
			);
			buildRules = (
			);
			dependencies = (
			);
			name = "HeartRateTest Watch App";
			productName = "HeartRateTest Watch App";
			productReference = 80B3AD352A9D42D700332E21 /* HeartRateTest Watch App.app */;
			productType = "com.apple.product-type.application";
		};
/* End PBXNativeTarget section */

/* Begin PBXProject section */
		80B3AD292A9D42D700332E21 /* Project object */ = {
			isa = PBXProject;
			attributes = {
				BuildIndependentTargetsInParallel = 1;
				LastSwiftUpdateCheck = 1500;
				LastUpgradeCheck = 1500;
				TargetAttributes = {
					80B3AD2E2A9D42D700332E21 = {
						CreatedOnToolsVersion = 15.0;
					};
					80B3AD342A9D42D700332E21 = {
						CreatedOnToolsVersion = 15.0;
					};
				};
			};
			buildConfigurationList = 80B3AD2C2A9D42D700332E21 /* Build configuration list for PBXProject "HeartRateTest" */;
			compatibilityVersion = "Xcode 14.0";
			developmentRegion = en;
			hasScannedForEncodings = 0;
			knownRegions = (
				en,
				Base,
			);
			mainGroup = 80B3AD282A9D42D700332E21;
			productRefGroup = 80B3AD302A9D42D700332E21 /* Products */;
			projectDirPath = "";
			projectRoot = "";
			targets = (
				80B3AD2E2A9D42D700332E21 /* HeartRateTest */,
				80B3AD342A9D42D700332E21 /* HeartRateTest Watch App */,
			);
		};
/* End PBXProject section */

/* Begin PBXResourcesBuildPhase section */
		80B3AD2D2A9D42D700332E21 /* Resources */ = {
			isa = PBXResourcesBuildPhase;
			buildActionMask = 2147483647;
			files = (
			);
			runOnlyForDeploymentPostprocessing = 0;
		};
		80B3AD332A9D42D700332E21 /* Resources */ = {
			isa = PBXResourcesBuildPhase;
			buildActionMask = 2147483647;
			files = (
				80B3AD422A9D42D800332E21 /* Preview Assets.xcassets in Resources */,
				80B3AD3F2A9D42D800332E21 /* Assets.xcassets in Resources */,
			);
			runOnlyForDeploymentPostprocessing = 0;
		};
/* End PBXResourcesBuildPhase section */

/* Begin PBXSourcesBuildPhase section */
		80B3AD312A9D42D700332E21 /* Sources */ = {
			isa = PBXSourcesBuildPhase;
			buildActionMask = 2147483647;
			files = (
				80B3AD3D2A9D42D700332E21 /* ContentView.swift in Sources */,
				80B3AD3B2A9D42D700332E21 /* HeartRateTestApp.swift in Sources */,
			);
			runOnlyForDeploymentPostprocessing = 0;
		};
/* End PBXSourcesBuildPhase section */

/* Begin PBXTargetDependency section */
		80B3AD382A9D42D700332E21 /* PBXTargetDependency */ = {
			isa = PBXTargetDependency;
			target = 80B3AD342A9D42D700332E21 /* HeartRateTest Watch App */;
			targetProxy = 80B3AD372A9D42D700332E21 /* PBXContainerItemProxy */;
		};
/* End PBXTargetDependency section */

/* Begin XCBuildConfiguration section */
		80B3AD432A9D42D800332E21 /* Debug */ = {
			isa = XCBuildConfiguration;
			buildSettings = {
				ALWAYS_SEARCH_USER_PATHS = NO;
				ASSETCATALOG_COMPILER_GENERATE_SWIFT_ASSET_SYMBOL_EXTENSIONS = YES;
				CLANG_ANALYZER_NONNULL = YES;
				CLANG_ANALYZER_NUMBER_OBJECT_CONVERSION = YES_AGGRESSIVE;
				CLANG_CXX_LANGUAGE_STANDARD = "gnu++20";
				CLANG_ENABLE_MODULES = YES;
				CLANG_ENABLE_OBJC_ARC = YES;
				CLANG_ENABLE_OBJC_WEAK = YES;
				CLANG_WARN_BLOCK_CAPTURE_AUTORELEASING = YES;
				CLANG_WARN_BOOL_CONVERSION = YES;
				CLANG_WARN_COMMA = YES;
				CLANG_WARN_CONSTANT_CONVERSION = YES;
				CLANG_WARN_DEPRECATED_OBJC_IMPLEMENTATIONS = YES;
				CLANG_WARN_DIRECT_OBJC_ISA_USAGE = YES_ERROR;
				CLANG_WARN_DOCUMENTATION_COMMENTS = YES;
				CLANG_WARN_EMPTY_BODY = YES;
				CLANG_WARN_ENUM_CONVERSION = YES;
				CLANG_WARN_INFINITE_RECURSION = YES;
				CLANG_WARN_INT_CONVERSION = YES;
				CLANG_WARN_NON_LITERAL_NULL_CONVERSION = YES;
				CLANG_WARN_OBJC_IMPLICIT_RETAIN_SELF = YES;
				CLANG_WARN_OBJC_LITERAL_CONVERSION = YES;
				CLANG_WARN_OBJC_ROOT_CLASS = YES_ERROR;
				CLANG_WARN_QUOTED_INCLUDE_IN_FRAMEWORK_HEADER = YES;
				CLANG_WARN_RANGE_LOOP_ANALYSIS = YES;
				CLANG_WARN_STRICT_PROTOTYPES = YES;
				CLANG_WARN_SUSPICIOUS_MOVE = YES;
				CLANG_WARN_UNGUARDED_AVAILABILITY = YES_AGGRESSIVE;
				CLANG_WARN_UNREACHABLE_CODE = YES;
				CLANG_WARN__DUPLICATE_METHOD_MATCH = YES;
				COPY_PHASE_STRIP = NO;
				DEBUG_INFORMATION_FORMAT = dwarf;
				ENABLE_STRICT_OBJC_MSGSEND = YES;
				ENABLE_TESTABILITY = YES;
				ENABLE_USER_SCRIPT_SANDBOXING = YES;
				GCC_C_LANGUAGE_STANDARD = gnu17;
				GCC_DYNAMIC_NO_PIC = NO;
				GCC_NO_COMMON_BLOCKS = YES;
				GCC_OPTIMIZATION_LEVEL = 0;
				GCC_PREPROCESSOR_DEFINITIONS = (
					"DEBUG=1",
					"$(inherited)",
				);
				GCC_WARN_64_TO_32_BIT_CONVERSION = YES;
				GCC_WARN_ABOUT_RETURN_TYPE = YES_ERROR;
				GCC_WARN_UNDECLARED_SELECTOR = YES;
				GCC_WARN_UNINITIALIZED_AUTOS = YES_AGGRESSIVE;
				GCC_WARN_UNUSED_FUNCTION = YES;
				GCC_WARN_UNUSED_VARIABLE = YES;
				LOCALIZATION_PREFERS_STRING_CATALOGS = YES;
				MTL_ENABLE_DEBUG_INFO = INCLUDE_SOURCE;
				MTL_FAST_MATH = YES;
				ONLY_ACTIVE_ARCH = YES;
				SWIFT_ACTIVE_COMPILATION_CONDITIONS = "DEBUG $(inherited)";
				SWIFT_OPTIMIZATION_LEVEL = "-Onone";
			};
			name = Debug;
		};
		80B3AD442A9D42D800332E21 /* Release */ = {
			isa = XCBuildConfiguration;
			buildSettings = {
				ALWAYS_SEARCH_USER_PATHS = NO;
				ASSETCATALOG_COMPILER_GENERATE_SWIFT_ASSET_SYMBOL_EXTENSIONS = YES;
				CLANG_ANALYZER_NONNULL = YES;
				CLANG_ANALYZER_NUMBER_OBJECT_CONVERSION = YES_AGGRESSIVE;
				CLANG_CXX_LANGUAGE_STANDARD = "gnu++20";
				CLANG_ENABLE_MODULES = YES;
				CLANG_ENABLE_OBJC_ARC = YES;
				CLANG_ENABLE_OBJC_WEAK = YES;
				CLANG_WARN_BLOCK_CAPTURE_AUTORELEASING = YES;
				CLANG_WARN_BOOL_CONVERSION = YES;
				CLANG_WARN_COMMA = YES;
				CLANG_WARN_CONSTANT_CONVERSION = YES;
				CLANG_WARN_DEPRECATED_OBJC_IMPLEMENTATIONS = YES;
				CLANG_WARN_DIRECT_OBJC_ISA_USAGE = YES_ERROR;
				CLANG_WARN_DOCUMENTATION_COMMENTS = YES;
				CLANG_WARN_EMPTY_BODY = YES;
				CLANG_WARN_ENUM_CONVERSION = YES;
				CLANG_WARN_INFINITE_RECURSION = YES;
				CLANG_WARN_INT_CONVERSION = YES;
				CLANG_WARN_NON_LITERAL_NULL_CONVERSION = YES;
				CLANG_WARN_OBJC_IMPLICIT_RETAIN_SELF = YES;
				CLANG_WARN_OBJC_LITERAL_CONVERSION = YES;
				CLANG_WARN_OBJC_ROOT_CLASS = YES_ERROR;
				CLANG_WARN_QUOTED_INCLUDE_IN_FRAMEWORK_HEADER = YES;
				CLANG_WARN_RANGE_LOOP_ANALYSIS = YES;
				CLANG_WARN_STRICT_PROTOTYPES = YES;
				CLANG_WARN_SUSPICIOUS_MOVE = YES;
				CLANG_WARN_UNGUARDED_AVAILABILITY = YES_AGGRESSIVE;
				CLANG_WARN_UNREACHABLE_CODE = YES;
				CLANG_WARN__DUPLICATE_METHOD_MATCH = YES;
				COPY_PHASE_STRIP = NO;
				DEBUG_INFORMATION_FORMAT = "dwarf-with-dsym";
				ENABLE_NS_ASSERTIONS = NO;
				ENABLE_STRICT_OBJC_MSGSEND = YES;
				ENABLE_USER_SCRIPT_SANDBOXING = YES;
				GCC_C_LANGUAGE_STANDARD = gnu17;
				GCC_NO_COMMON_BLOCKS = YES;
				GCC_WARN_64_TO_32_BIT_CONVERSION = YES;
				GCC_WARN_ABOUT_RETURN_TYPE = YES_ERROR;
				GCC_WARN_UNDECLARED_SELECTOR = YES;
				GCC_WARN_UNINITIALIZED_AUTOS = YES_AGGRESSIVE;
				GCC_WARN_UNUSED_FUNCTION = YES;
				GCC_WARN_UNUSED_VARIABLE = YES;
				LOCALIZATION_PREFERS_STRING_CATALOGS = YES;
				MTL_ENABLE_DEBUG_INFO = NO;
				MTL_FAST_MATH = YES;
				SWIFT_COMPILATION_MODE = wholemodule;
			};
			name = Release;
		};
		80B3AD462A9D42D800332E21 /* Debug */ = {
			isa = XCBuildConfiguration;
			buildSettings = {
				ASSETCATALOG_COMPILER_APPICON_NAME = AppIcon;
				ASSETCATALOG_COMPILER_GLOBAL_ACCENT_COLOR_NAME = AccentColor;
				CODE_SIGN_ENTITLEMENTS = "HeartRateTest Watch App/HeartRateTest Watch App.entitlements";
				CODE_SIGN_STYLE = Automatic;
				CURRENT_PROJECT_VERSION = 1;
				DEVELOPMENT_ASSET_PATHS = "\"HeartRateTest Watch App/Preview Content\"";
				DEVELOPMENT_TEAM = WSJXBQB984;
				ENABLE_PREVIEWS = YES;
				GENERATE_INFOPLIST_FILE = YES;
				INFOPLIST_KEY_CFBundleDisplayName = HeartRateTest;
				INFOPLIST_KEY_NSHealthShareUsageDescription = "Read Heart Rate";
				INFOPLIST_KEY_NSHealthUpdateUsageDescription = "Update Heart Rate";
				INFOPLIST_KEY_NSMotionUsageDescription = Coremotion;
				INFOPLIST_KEY_UISupportedInterfaceOrientations = "UIInterfaceOrientationPortrait UIInterfaceOrientationPortraitUpsideDown";
				INFOPLIST_KEY_WKWatchOnly = YES;
				LD_RUNPATH_SEARCH_PATHS = (
					"$(inherited)",
					"@executable_path/Frameworks",
				);
				MARKETING_VERSION = 1.0;
				PRODUCT_BUNDLE_IDENTIFIER = com.modumhq.HeartRateTest.watchkitapp;
				PRODUCT_NAME = "$(TARGET_NAME)";
				SDKROOT = watchos;
				SKIP_INSTALL = YES;
				SWIFT_EMIT_LOC_STRINGS = YES;
				SWIFT_VERSION = 5.0;
				TARGETED_DEVICE_FAMILY = 4;
				WATCHOS_DEPLOYMENT_TARGET = 10.0;
			};
			name = Debug;
		};
		80B3AD472A9D42D800332E21 /* Release */ = {
			isa = XCBuildConfiguration;
			buildSettings = {
				ASSETCATALOG_COMPILER_APPICON_NAME = AppIcon;
				ASSETCATALOG_COMPILER_GLOBAL_ACCENT_COLOR_NAME = AccentColor;
				CODE_SIGN_ENTITLEMENTS = "HeartRateTest Watch App/HeartRateTest Watch App.entitlements";
				CODE_SIGN_STYLE = Automatic;
				CURRENT_PROJECT_VERSION = 1;
				DEVELOPMENT_ASSET_PATHS = "\"HeartRateTest Watch App/Preview Content\"";
				DEVELOPMENT_TEAM = WSJXBQB984;
				ENABLE_PREVIEWS = YES;
				GENERATE_INFOPLIST_FILE = YES;
				INFOPLIST_KEY_CFBundleDisplayName = HeartRateTest;
				INFOPLIST_KEY_NSHealthShareUsageDescription = "Read Heart Rate";
				INFOPLIST_KEY_NSHealthUpdateUsageDescription = "Update Heart Rate";
				INFOPLIST_KEY_NSMotionUsageDescription = Coremotion;
				INFOPLIST_KEY_UISupportedInterfaceOrientations = "UIInterfaceOrientationPortrait UIInterfaceOrientationPortraitUpsideDown";
				INFOPLIST_KEY_WKWatchOnly = YES;
				LD_RUNPATH_SEARCH_PATHS = (
					"$(inherited)",
					"@executable_path/Frameworks",
				);
				MARKETING_VERSION = 1.0;
				PRODUCT_BUNDLE_IDENTIFIER = com.modumhq.HeartRateTest.watchkitapp;
				PRODUCT_NAME = "$(TARGET_NAME)";
				SDKROOT = watchos;
				SKIP_INSTALL = YES;
				SWIFT_EMIT_LOC_STRINGS = YES;
				SWIFT_VERSION = 5.0;
				TARGETED_DEVICE_FAMILY = 4;
				VALIDATE_PRODUCT = YES;
				WATCHOS_DEPLOYMENT_TARGET = 10.0;
			};
			name = Release;
		};
		80B3AD4A2A9D42D800332E21 /* Debug */ = {
			isa = XCBuildConfiguration;
			buildSettings = {
				ALWAYS_EMBED_SWIFT_STANDARD_LIBRARIES = YES;
				CODE_SIGN_STYLE = Automatic;
				CURRENT_PROJECT_VERSION = 1;
				DEVELOPMENT_TEAM = WSJXBQB984;
				INFOPLIST_KEY_CFBundleDisplayName = HeartRateTest;
				MARKETING_VERSION = 1.0;
				PRODUCT_BUNDLE_IDENTIFIER = com.modumhq.HeartRateTest;
				PRODUCT_NAME = "$(TARGET_NAME)";
				SDKROOT = iphoneos;
				SWIFT_VERSION = 5.0;
			};
			name = Debug;
		};
		80B3AD4B2A9D42D800332E21 /* Release */ = {
			isa = XCBuildConfiguration;
			buildSettings = {
				ALWAYS_EMBED_SWIFT_STANDARD_LIBRARIES = YES;
				CODE_SIGN_STYLE = Automatic;
				CURRENT_PROJECT_VERSION = 1;
				DEVELOPMENT_TEAM = WSJXBQB984;
				INFOPLIST_KEY_CFBundleDisplayName = HeartRateTest;
				MARKETING_VERSION = 1.0;
				PRODUCT_BUNDLE_IDENTIFIER = com.modumhq.HeartRateTest;
				PRODUCT_NAME = "$(TARGET_NAME)";
				SDKROOT = iphoneos;
				SWIFT_VERSION = 5.0;
				VALIDATE_PRODUCT = YES;
			};
			name = Release;
		};
/* End XCBuildConfiguration section */

/* Begin XCConfigurationList section */
		80B3AD2C2A9D42D700332E21 /* Build configuration list for PBXProject "HeartRateTest" */ = {
			isa = XCConfigurationList;
			buildConfigurations = (
				80B3AD432A9D42D800332E21 /* Debug */,
				80B3AD442A9D42D800332E21 /* Release */,
			);
			defaultConfigurationIsVisible = 0;
			defaultConfigurationName = Release;
		};
		80B3AD452A9D42D800332E21 /* Build configuration list for PBXNativeTarget "HeartRateTest Watch App" */ = {
			isa = XCConfigurationList;
			buildConfigurations = (
				80B3AD462A9D42D800332E21 /* Debug */,
				80B3AD472A9D42D800332E21 /* Release */,
			);
			defaultConfigurationIsVisible = 0;
			defaultConfigurationName = Release;
		};
		80B3AD492A9D42D800332E21 /* Build configuration list for PBXNativeTarget "HeartRateTest" */ = {
			isa = XCConfigurationList;
			buildConfigurations = (
				80B3AD4A2A9D42D800332E21 /* Debug */,
				80B3AD4B2A9D42D800332E21 /* Release */,
			);
			defaultConfigurationIsVisible = 0;
			defaultConfigurationName = Release;
		};
/* End XCConfigurationList section */
	};
	rootObject = 80B3AD292A9D42D700332E21 /* Project object */;
}
